
Microsoft Visual Studio Solution File, Format Version 12.00
# Visual Studio Version 17
VisualStudioVersion = 17.1.32319.34
MinimumVisualStudioVersion = 10.0.40219.1
Project("{9A19103F-16F7-4668-BE54-9A1E7A4F7556}") = "BlazorAwesome", "BlazorAwesome\BlazorAwesome.csproj", "{205F6500-EE65-40CF-AB0A-9CF66F48FFF2}"
EndProject
Project("{9A19103F-16F7-4668-BE54-9A1E7A4F7556}") = "UiServer", "UiServer\UiServer.csproj", "{B18AFB2B-9F82-48ED-926A-212EC68457AB}"
EndProject
Project("{9A19103F-16F7-4668-BE54-9A1E7A4F7556}") = "Test", "Test\Test.csproj", "{A5A7880E-692A-49B3-8A21-891988652152}"
EndProject
Project("{9A19103F-16F7-4668-BE54-9A1E7A4F7556}") = "UiWasm", "UiWasm\UiWasm.csproj", "{F8CEE2AA-4993-4715-A14C-30C884B3FCA7}"
EndProject
Project("{FAE04EC0-301F-11D3-BF4B-00C04F79EFBC}") = "TestUi", "TestUi\TestUi.csproj", "{617CA951-0D85-4513-9557-FD7E9C4A3808}"
EndProject
Global
	GlobalSection(SolutionConfigurationPlatforms) = preSolution
		Debug|Any CPU = Debug|Any CPU
		Release|Any CPU = Release|Any CPU
	EndGlobalSection
	GlobalSection(ProjectConfigurationPlatforms) = postSolution
		{205F6500-EE65-40CF-AB0A-9CF66F48FFF2}.Debug|Any CPU.ActiveCfg = Debug|Any CPU
		{205F6500-EE65-40CF-AB0A-9CF66F48FFF2}.Debug|Any CPU.Build.0 = Debug|Any CPU
		{205F6500-EE65-40CF-AB0A-9CF66F48FFF2}.Release|Any CPU.ActiveCfg = Release|Any CPU
		{205F6500-EE65-40CF-AB0A-9CF66F48FFF2}.Release|Any CPU.Build.0 = Release|Any CPU
		{B18AFB2B-9F82-48ED-926A-212EC68457AB}.Debug|Any CPU.ActiveCfg = Debug|Any CPU
		{B18AFB2B-9F82-48ED-926A-212EC68457AB}.Debug|Any CPU.Build.0 = Debug|Any CPU
		{B18AFB2B-9F82-48ED-926A-212EC68457AB}.Release|Any CPU.ActiveCfg = Release|Any CPU
		{B18AFB2B-9F82-48ED-926A-212EC68457AB}.Release|Any CPU.Build.0 = Release|Any CPU
		{A5A7880E-692A-49B3-8A21-891988652152}.Debug|Any CPU.ActiveCfg = Debug|Any CPU
		{A5A7880E-692A-49B3-8A21-891988652152}.Debug|Any CPU.Build.0 = Debug|Any CPU
		{A5A7880E-692A-49B3-8A21-891988652152}.Release|Any CPU.ActiveCfg = Release|Any CPU
		{A5A7880E-692A-49B3-8A21-891988652152}.Release|Any CPU.Build.0 = Release|Any CPU
		{F8CEE2AA-4993-4715-A14C-30C884B3FCA7}.Debug|Any CPU.ActiveCfg = Debug|Any CPU
		{F8CEE2AA-4993-4715-A14C-30C884B3FCA7}.Debug|Any CPU.Build.0 = Debug|Any CPU
		{F8CEE2AA-4993-4715-A14C-30C884B3FCA7}.Release|Any CPU.ActiveCfg = Release|Any CPU
		{F8CEE2AA-4993-4715-A14C-30C884B3FCA7}.Release|Any CPU.Build.0 = Release|Any CPU
		{617CA951-0D85-4513-9557-FD7E9C4A3808}.Debug|Any CPU.ActiveCfg = Debug|Any CPU
		{617CA951-0D85-4513-9557-FD7E9C4A3808}.Debug|Any CPU.Build.0 = Debug|Any CPU
		{617CA951-0D85-4513-9557-FD7E9C4A3808}.Release|Any CPU.ActiveCfg = Release|Any CPU
		{617CA951-0D85-4513-9557-FD7E9C4A3808}.Release|Any CPU.Build.0 = Release|Any CPU
	EndGlobalSection
	GlobalSection(SolutionProperties) = preSolution
		HideSolutionNode = FALSE
	EndGlobalSection
	GlobalSection(ExtensibilityGlobals) = postSolution
		SolutionGuid = {2C293D96-3C8D-4B97-A886-85671235D70C}
	EndGlobalSection
EndGlobal
